
Microsoft Visual Studio Solution File, Format Version 12.00
# Visual Studio Version 17
VisualStudioVersion = 17.14.36518.9
MinimumVisualStudioVersion = 10.0.40219.1
Project("{FAE04EC0-301F-11D3-BF4B-00C04F79EFBC}") = "UmbracoCMS", "UmbracoCMS\UmbracoCMS.csproj", "{8BDFC28E-A26D-4B63-8004-F36E06F9F265}"
EndProject
Global
	GlobalSection(SolutionConfigurationPlatforms) = preSolution
		Debug|Any CPU = Debug|Any CPU
		Release|Any CPU = Release|Any CPU
	EndGlobalSection
	GlobalSection(ProjectConfigurationPlatforms) = postSolution
		{8BDFC28E-A26D-4B63-8004-F36E06F9F265}.Debug|Any CPU.ActiveCfg = Debug|Any CPU
		{8BDFC28E-A26D-4B63-8004-F36E06F9F265}.Debug|Any CPU.Build.0 = Debug|Any CPU
		{8BDFC28E-A26D-4B63-8004-F36E06F9F265}.Release|Any CPU.ActiveCfg = Release|Any CPU
		{8BDFC28E-A26D-4B63-8004-F36E06F9F265}.Release|Any CPU.Build.0 = Release|Any CPU
	EndGlobalSection
	GlobalSection(SolutionProperties) = preSolution
		HideSolutionNode = FALSE
	EndGlobalSection
	GlobalSection(ExtensibilityGlobals) = postSolution
		SolutionGuid = {236F9A49-60AB-4605-8E3C-F9508C4C563C}
	EndGlobalSection
EndGlobal
